
Microsoft Visual Studio Solution File, Format Version 12.00
# Visual Studio Version 17
VisualStudioVersion = 17.12.35506.116
MinimumVisualStudioVersion = 10.0.40219.1
Project("{FAE04EC0-301F-11D3-BF4B-00C04F79EFBC}") = "ASC.Web", "ASC.Web\ASC.Web.csproj", "{51AC3BF7-62C6-4B52-BF53-16F4255D5714}"
EndProject
Project("{FAE04EC0-301F-11D3-BF4B-00C04F79EFBC}") = "ASC.Business", "ASC.Business\ASC.Business.csproj", "{3B29DB91-0216-414D-A0E7-9F59AE0C07E4}"
EndProject
Project("{FAE04EC0-301F-11D3-BF4B-00C04F79EFBC}") = "ASC.DataAccess", "ASC.DataAccess\ASC.DataAccess.csproj", "{C311154B-D42F-4577-8DB6-0E5608FB7037}"
EndProject
Project("{FAE04EC0-301F-11D3-BF4B-00C04F79EFBC}") = "ASC.Utilities", "ASC.Utilities\ASC.Utilities.csproj", "{EB31EC18-5AD3-4D63-A515-BA5A77A201B0}"
EndProject
Project("{FAE04EC0-301F-11D3-BF4B-00C04F79EFBC}") = "ASC.Model", "ASC.Model\ASC.Model.csproj", "{712AAAC1-AE7C-4ED8-9DFB-65F0BAEE5AD8}"
EndProject
Project("{FAE04EC0-301F-11D3-BF4B-00C04F79EFBC}") = "ASC.Tests", "ASC.Tests\ASC.Tests.csproj", "{C38CC9DA-DAF9-4CAF-9FB7-C33D7B3C8AD1}"
EndProject
Global
	GlobalSection(SolutionConfigurationPlatforms) = preSolution
		Debug|Any CPU = Debug|Any CPU
		Release|Any CPU = Release|Any CPU
	EndGlobalSection
	GlobalSection(ProjectConfigurationPlatforms) = postSolution
		{51AC3BF7-62C6-4B52-BF53-16F4255D5714}.Debug|Any CPU.ActiveCfg = Debug|Any CPU
		{51AC3BF7-62C6-4B52-BF53-16F4255D5714}.Debug|Any CPU.Build.0 = Debug|Any CPU
		{51AC3BF7-62C6-4B52-BF53-16F4255D5714}.Release|Any CPU.ActiveCfg = Release|Any CPU
		{51AC3BF7-62C6-4B52-BF53-16F4255D5714}.Release|Any CPU.Build.0 = Release|Any CPU
		{3B29DB91-0216-414D-A0E7-9F59AE0C07E4}.Debug|Any CPU.ActiveCfg = Debug|Any CPU
		{3B29DB91-0216-414D-A0E7-9F59AE0C07E4}.Debug|Any CPU.Build.0 = Debug|Any CPU
		{3B29DB91-0216-414D-A0E7-9F59AE0C07E4}.Release|Any CPU.ActiveCfg = Release|Any CPU
		{3B29DB91-0216-414D-A0E7-9F59AE0C07E4}.Release|Any CPU.Build.0 = Release|Any CPU
		{C311154B-D42F-4577-8DB6-0E5608FB7037}.Debug|Any CPU.ActiveCfg = Debug|Any CPU
		{C311154B-D42F-4577-8DB6-0E5608FB7037}.Debug|Any CPU.Build.0 = Debug|Any CPU
		{C311154B-D42F-4577-8DB6-0E5608FB7037}.Release|Any CPU.ActiveCfg = Release|Any CPU
		{C311154B-D42F-4577-8DB6-0E5608FB7037}.Release|Any CPU.Build.0 = Release|Any CPU
		{EB31EC18-5AD3-4D63-A515-BA5A77A201B0}.Debug|Any CPU.ActiveCfg = Debug|Any CPU
		{EB31EC18-5AD3-4D63-A515-BA5A77A201B0}.Debug|Any CPU.Build.0 = Debug|Any CPU
		{EB31EC18-5AD3-4D63-A515-BA5A77A201B0}.Release|Any CPU.ActiveCfg = Release|Any CPU
		{EB31EC18-5AD3-4D63-A515-BA5A77A201B0}.Release|Any CPU.Build.0 = Release|Any CPU
		{712AAAC1-AE7C-4ED8-9DFB-65F0BAEE5AD8}.Debug|Any CPU.ActiveCfg = Debug|Any CPU
		{712AAAC1-AE7C-4ED8-9DFB-65F0BAEE5AD8}.Debug|Any CPU.Build.0 = Debug|Any CPU
		{712AAAC1-AE7C-4ED8-9DFB-65F0BAEE5AD8}.Release|Any CPU.ActiveCfg = Release|Any CPU
		{712AAAC1-AE7C-4ED8-9DFB-65F0BAEE5AD8}.Release|Any CPU.Build.0 = Release|Any CPU
		{C38CC9DA-DAF9-4CAF-9FB7-C33D7B3C8AD1}.Debug|Any CPU.ActiveCfg = Debug|Any CPU
		{C38CC9DA-DAF9-4CAF-9FB7-C33D7B3C8AD1}.Debug|Any CPU.Build.0 = Debug|Any CPU
		{C38CC9DA-DAF9-4CAF-9FB7-C33D7B3C8AD1}.Release|Any CPU.ActiveCfg = Release|Any CPU
		{C38CC9DA-DAF9-4CAF-9FB7-C33D7B3C8AD1}.Release|Any CPU.Build.0 = Release|Any CPU
	EndGlobalSection
	GlobalSection(SolutionProperties) = preSolution
		HideSolutionNode = FALSE
	EndGlobalSection
EndGlobal
